// !$*UTF8*$!
{
	archiveVersion = 1;
	classes = {
	};
	objectVersion = 56;
	objects = {

/* Begin PBXBuildFile section */
		34040D682925C065008DDCBB /* AppDelegate.swift in Sources */ = {isa = PBXBuildFile; fileRef = 34040D672925C065008DDCBB /* AppDelegate.swift */; };
		34040D6A2925C065008DDCBB /* SceneDelegate.swift in Sources */ = {isa = PBXBuildFile; fileRef = 34040D692925C065008DDCBB /* SceneDelegate.swift */; };
		34040D6C2925C065008DDCBB /* ViewController.swift in Sources */ = {isa = PBXBuildFile; fileRef = 34040D6B2925C065008DDCBB /* ViewController.swift */; };
		34040D6F2925C065008DDCBB /* Main.storyboard in Resources */ = {isa = PBXBuildFile; fileRef = 34040D6D2925C065008DDCBB /* Main.storyboard */; };
		34040D712925C067008DDCBB /* Assets.xcassets in Resources */ = {isa = PBXBuildFile; fileRef = 34040D702925C067008DDCBB /* Assets.xcassets */; };
		34040D742925C067008DDCBB /* LaunchScreen.storyboard in Resources */ = {isa = PBXBuildFile; fileRef = 34040D722925C067008DDCBB /* LaunchScreen.storyboard */; };
		34040D7F2925C224008DDCBB /* Game.swift in Sources */ = {isa = PBXBuildFile; fileRef = 34040D7E2925C224008DDCBB /* Game.swift */; };
		34040D822925D48B008DDCBB /* Second.xib in Resources */ = {isa = PBXBuildFile; fileRef = 34040D802925D48B008DDCBB /* Second.xib */; };
/* End PBXBuildFile section */

/* Begin PBXFileReference section */
		34040D642925C065008DDCBB /* rockPaperScissors.app */ = {isa = PBXFileReference; explicitFileType = wrapper.application; includeInIndex = 0; path = rockPaperScissors.app; sourceTree = BUILT_PRODUCTS_DIR; };
		34040D672925C065008DDCBB /* AppDelegate.swift */ = {isa = PBXFileReference; lastKnownFileType = sourcecode.swift; path = AppDelegate.swift; sourceTree = "<group>"; };
		34040D692925C065008DDCBB /* SceneDelegate.swift */ = {isa = PBXFileReference; lastKnownFileType = sourcecode.swift; path = SceneDelegate.swift; sourceTree = "<group>"; };
		34040D6B2925C065008DDCBB /* ViewController.swift */ = {isa = PBXFileReference; lastKnownFileType = sourcecode.swift; path = ViewController.swift; sourceTree = "<group>"; };
		34040D6E2925C065008DDCBB /* Base */ = {isa = PBXFileReference; lastKnownFileType = file.storyboard; name = Base; path = Base.lproj/Main.storyboard; sourceTree = "<group>"; };
		34040D702925C067008DDCBB /* Assets.xcassets */ = {isa = PBXFileReference; lastKnownFileType = folder.assetcatalog; path = Assets.xcassets; sourceTree = "<group>"; };
		34040D732925C067008DDCBB /* Base */ = {isa = PBXFileReference; lastKnownFileType = file.storyboard; name = Base; path = Base.lproj/LaunchScreen.storyboard; sourceTree = "<group>"; };
		34040D752925C067008DDCBB /* Info.plist */ = {isa = PBXFileReference; lastKnownFileType = text.plist.xml; path = Info.plist; sourceTree = "<group>"; };
		34040D7D2925C183008DDCBB /* testPlayground.playground */ = {isa = PBXFileReference; lastKnownFileType = file.playground; path = testPlayground.playground; sourceTree = "<group>"; xcLanguageSpecificationIdentifier = xcode.lang.swift; };
		34040D7E2925C224008DDCBB /* Game.swift */ = {isa = PBXFileReference; lastKnownFileType = sourcecode.swift; path = Game.swift; sourceTree = "<group>"; };
		34040D812925D48B008DDCBB /* Base */ = {isa = PBXFileReference; lastKnownFileType = file.xib; name = Base; path = rockPaperScissors/Base.lproj/Second.xib; sourceTree = "<group>"; };
/* End PBXFileReference section */

/* Begin PBXFrameworksBuildPhase section */
		34040D612925C065008DDCBB /* Frameworks */ = {
			isa = PBXFrameworksBuildPhase;
			buildActionMask = 2147483647;
			files = (
			);
			runOnlyForDeploymentPostprocessing = 0;
		};
/* End PBXFrameworksBuildPhase section */

/* Begin PBXGroup section */
		34040D5B2925C065008DDCBB = {
			isa = PBXGroup;
			children = (
				34040D662925C065008DDCBB /* rockPaperScissors */,
				34040D652925C065008DDCBB /* Products */,
			);
			sourceTree = "<group>";
		};
		34040D652925C065008DDCBB /* Products */ = {
			isa = PBXGroup;
			children = (
				34040D642925C065008DDCBB /* rockPaperScissors.app */,
			);
			name = Products;
			sourceTree = "<group>";
		};
		34040D662925C065008DDCBB /* rockPaperScissors */ = {
			isa = PBXGroup;
			children = (
				34040D672925C065008DDCBB /* AppDelegate.swift */,
				34040D692925C065008DDCBB /* SceneDelegate.swift */,
				34040D6B2925C065008DDCBB /* ViewController.swift */,
				34040D6D2925C065008DDCBB /* Main.storyboard */,
				34040D702925C067008DDCBB /* Assets.xcassets */,
				34040D802925D48B008DDCBB /* Second.xib */,
				34040D722925C067008DDCBB /* LaunchScreen.storyboard */,
				34040D752925C067008DDCBB /* Info.plist */,
				34040D7D2925C183008DDCBB /* testPlayground.playground */,
				34040D7E2925C224008DDCBB /* Game.swift */,
			);
			path = rockPaperScissors;
			sourceTree = "<group>";
		};
/* End PBXGroup section */

/* Begin PBXNativeTarget section */
		34040D632925C065008DDCBB /* rockPaperScissors */ = {
			isa = PBXNativeTarget;
			buildConfigurationList = 34040D782925C067008DDCBB /* Build configuration list for PBXNativeTarget "rockPaperScissors" */;
			buildPhases = (
				34040D602925C065008DDCBB /* Sources */,
				34040D612925C065008DDCBB /* Frameworks */,
				34040D622925C065008DDCBB /* Resources */,
			);
			buildRules = (
			);
			dependencies = (
			);
			name = rockPaperScissors;
			productName = rockPaperScissors;
			productReference = 34040D642925C065008DDCBB /* rockPaperScissors.app */;
			productType = "com.apple.product-type.application";
		};
/* End PBXNativeTarget section */

/* Begin PBXProject section */
		34040D5C2925C065008DDCBB /* Project object */ = {
			isa = PBXProject;
			attributes = {
				BuildIndependentTargetsInParallel = 1;
				LastSwiftUpdateCheck = 1410;
				LastUpgradeCheck = 1410;
				TargetAttributes = {
					34040D632925C065008DDCBB = {
						CreatedOnToolsVersion = 14.1;
					};
				};
			};
			buildConfigurationList = 34040D5F2925C065008DDCBB /* Build configuration list for PBXProject "rockPaperScissors" */;
			compatibilityVersion = "Xcode 14.0";
			developmentRegion = en;
			hasScannedForEncodings = 0;
			knownRegions = (
				en,
				Base,
			);
			mainGroup = 34040D5B2925C065008DDCBB;
			productRefGroup = 34040D652925C065008DDCBB /* Products */;
			projectDirPath = "";
			projectRoot = "";
			targets = (
				34040D632925C065008DDCBB /* rockPaperScissors */,
			);
		};
/* End PBXProject section */

/* Begin PBXResourcesBuildPhase section */
		34040D622925C065008DDCBB /* Resources */ = {
			isa = PBXResourcesBuildPhase;
			buildActionMask = 2147483647;
			files = (
				34040D742925C067008DDCBB /* LaunchScreen.storyboard in Resources */,
				34040D712925C067008DDCBB /* Assets.xcassets in Resources */,
				34040D6F2925C065008DDCBB /* Main.storyboard in Resources */,
				34040D822925D48B008DDCBB /* Second.xib in Resources */,
			);
			runOnlyForDeploymentPostprocessing = 0;
		};
/* End PBXResourcesBuildPhase section */

/* Begin PBXSourcesBuildPhase section */
		34040D602925C065008DDCBB /* Sources */ = {
			isa = PBXSourcesBuildPhase;
			buildActionMask = 2147483647;
			files = (
				34040D6C2925C065008DDCBB /* ViewController.swift in Sources */,
				34040D682925C065008DDCBB /* AppDelegate.swift in Sources */,
				34040D6A2925C065008DDCBB /* SceneDelegate.swift in Sources */,
				34040D7F2925C224008DDCBB /* Game.swift in Sources */,
			);
			runOnlyForDeploymentPostprocessing = 0;
		};
/* End PBXSourcesBuildPhase section */

/* Begin PBXVariantGroup section */
		34040D6D2925C065008DDCBB /* Main.storyboard */ = {
			isa = PBXVariantGroup;
			children = (
				34040D6E2925C065008DDCBB /* Base */,
			);
			name = Main.storyboard;
			sourceTree = "<group>";
		};
		34040D722925C067008DDCBB /* LaunchScreen.storyboard */ = {
			isa = PBXVariantGroup;
			children = (
				34040D732925C067008DDCBB /* Base */,
			);
			name = LaunchScreen.storyboard;
			sourceTree = "<group>";
		};
		34040D802925D48B008DDCBB /* Second.xib */ = {
			isa = PBXVariantGroup;
			children = (
				34040D812925D48B008DDCBB /* Base */,
			);
			name = Second.xib;
			sourceTree = "<group>";
		};
/* End PBXVariantGroup section */

/* Begin XCBuildConfiguration section */
		34040D762925C067008DDCBB /* Debug */ = {
			isa = XCBuildConfiguration;
			buildSettings = {
				ALWAYS_SEARCH_USER_PATHS = NO;
				CLANG_ANALYZER_NONNULL = YES;
				CLANG_ANALYZER_NUMBER_OBJECT_CONVERSION = YES_AGGRESSIVE;
				CLANG_CXX_LANGUAGE_STANDARD = "gnu++20";
				CLANG_ENABLE_MODULES = YES;
				CLANG_ENABLE_OBJC_ARC = YES;
				CLANG_ENABLE_OBJC_WEAK = YES;
				CLANG_WARN_BLOCK_CAPTURE_AUTORELEASING = YES;
				CLANG_WARN_BOOL_CONVERSION = YES;
				CLANG_WARN_COMMA = YES;
				CLANG_WARN_CONSTANT_CONVERSION = YES;
				CLANG_WARN_DEPRECATED_OBJC_IMPLEMENTATIONS = YES;
				CLANG_WARN_DIRECT_OBJC_ISA_USAGE = YES_ERROR;
				CLANG_WARN_DOCUMENTATION_COMMENTS = YES;
				CLANG_WARN_EMPTY_BODY = YES;
				CLANG_WARN_ENUM_CONVERSION = YES;
				CLANG_WARN_INFINITE_RECURSION = YES;
				CLANG_WARN_INT_CONVERSION = YES;
				CLANG_WARN_NON_LITERAL_NULL_CONVERSION = YES;
				CLANG_WARN_OBJC_IMPLICIT_RETAIN_SELF = YES;
				CLANG_WARN_OBJC_LITERAL_CONVERSION = YES;
				CLANG_WARN_OBJC_ROOT_CLASS = YES_ERROR;
				CLANG_WARN_QUOTED_INCLUDE_IN_FRAMEWORK_HEADER = YES;
				CLANG_WARN_RANGE_LOOP_ANALYSIS = YES;
				CLANG_WARN_STRICT_PROTOTYPES = YES;
				CLANG_WARN_SUSPICIOUS_MOVE = YES;
				CLANG_WARN_UNGUARDED_AVAILABILITY = YES_AGGRESSIVE;
				CLANG_WARN_UNREACHABLE_CODE = YES;
				CLANG_WARN__DUPLICATE_METHOD_MATCH = YES;
				COPY_PHASE_STRIP = NO;
				DEBUG_INFORMATION_FORMAT = dwarf;
				ENABLE_STRICT_OBJC_MSGSEND = YES;
				ENABLE_TESTABILITY = YES;
				GCC_C_LANGUAGE_STANDARD = gnu11;
				GCC_DYNAMIC_NO_PIC = NO;
				GCC_NO_COMMON_BLOCKS = YES;
				GCC_OPTIMIZATION_LEVEL = 0;
				GCC_PREPROCESSOR_DEFINITIONS = (
					"DEBUG=1",
					"$(inherited)",
				);
				GCC_WARN_64_TO_32_BIT_CONVERSION = YES;
				GCC_WARN_ABOUT_RETURN_TYPE = YES_ERROR;
				GCC_WARN_UNDECLARED_SELECTOR = YES;
				GCC_WARN_UNINITIALIZED_AUTOS = YES_AGGRESSIVE;
				GCC_WARN_UNUSED_FUNCTION = YES;
				GCC_WARN_UNUSED_VARIABLE = YES;
				IPHONEOS_DEPLOYMENT_TARGET = 16.1;
				MTL_ENABLE_DEBUG_INFO = INCLUDE_SOURCE;
				MTL_FAST_MATH = YES;
				ONLY_ACTIVE_ARCH = YES;
				SDKROOT = iphoneos;
				SWIFT_ACTIVE_COMPILATION_CONDITIONS = DEBUG;
				SWIFT_OPTIMIZATION_LEVEL = "-Onone";
			};
			name = Debug;
		};
		34040D772925C067008DDCBB /* Release */ = {
			isa = XCBuildConfiguration;
			buildSettings = {
				ALWAYS_SEARCH_USER_PATHS = NO;
				CLANG_ANALYZER_NONNULL = YES;
				CLANG_ANALYZER_NUMBER_OBJECT_CONVERSION = YES_AGGRESSIVE;
				CLANG_CXX_LANGUAGE_STANDARD = "gnu++20";
				CLANG_ENABLE_MODULES = YES;
				CLANG_ENABLE_OBJC_ARC = YES;
				CLANG_ENABLE_OBJC_WEAK = YES;
				CLANG_WARN_BLOCK_CAPTURE_AUTORELEASING = YES;
				CLANG_WARN_BOOL_CONVERSION = YES;
				CLANG_WARN_COMMA = YES;
				CLANG_WARN_CONSTANT_CONVERSION = YES;
				CLANG_WARN_DEPRECATED_OBJC_IMPLEMENTATIONS = YES;
				CLANG_WARN_DIRECT_OBJC_ISA_USAGE = YES_ERROR;
				CLANG_WARN_DOCUMENTATION_COMMENTS = YES;
				CLANG_WARN_EMPTY_BODY = YES;
				CLANG_WARN_ENUM_CONVERSION = YES;
				CLANG_WARN_INFINITE_RECURSION = YES;
				CLANG_WARN_INT_CONVERSION = YES;
				CLANG_WARN_NON_LITERAL_NULL_CONVERSION = YES;
				CLANG_WARN_OBJC_IMPLICIT_RETAIN_SELF = YES;
				CLANG_WARN_OBJC_LITERAL_CONVERSION = YES;
				CLANG_WARN_OBJC_ROOT_CLASS = YES_ERROR;
				CLANG_WARN_QUOTED_INCLUDE_IN_FRAMEWORK_HEADER = YES;
				CLANG_WARN_RANGE_LOOP_ANALYSIS = YES;
				CLANG_WARN_STRICT_PROTOTYPES = YES;
				CLANG_WARN_SUSPICIOUS_MOVE = YES;
				CLANG_WARN_UNGUARDED_AVAILABILITY = YES_AGGRESSIVE;
				CLANG_WARN_UNREACHABLE_CODE = YES;
				CLANG_WARN__DUPLICATE_METHOD_MATCH = YES;
				COPY_PHASE_STRIP = NO;
				DEBUG_INFORMATION_FORMAT = "dwarf-with-dsym";
				ENABLE_NS_ASSERTIONS = NO;
				ENABLE_STRICT_OBJC_MSGSEND = YES;
				GCC_C_LANGUAGE_STANDARD = gnu11;
				GCC_NO_COMMON_BLOCKS = YES;
				GCC_WARN_64_TO_32_BIT_CONVERSION = YES;
				GCC_WARN_ABOUT_RETURN_TYPE = YES_ERROR;
				GCC_WARN_UNDECLARED_SELECTOR = YES;
				GCC_WARN_UNINITIALIZED_AUTOS = YES_AGGRESSIVE;
				GCC_WARN_UNUSED_FUNCTION = YES;
				GCC_WARN_UNUSED_VARIABLE = YES;
				IPHONEOS_DEPLOYMENT_TARGET = 16.1;
				MTL_ENABLE_DEBUG_INFO = NO;
				MTL_FAST_MATH = YES;
				SDKROOT = iphoneos;
				SWIFT_COMPILATION_MODE = wholemodule;
				SWIFT_OPTIMIZATION_LEVEL = "-O";
				VALIDATE_PRODUCT = YES;
			};
			name = Release;
		};
		34040D792925C067008DDCBB /* Debug */ = {
			isa = XCBuildConfiguration;
			buildSettings = {
				ASSETCATALOG_COMPILER_APPICON_NAME = AppIcon;
				ASSETCATALOG_COMPILER_GLOBAL_ACCENT_COLOR_NAME = AccentColor;
				CODE_SIGN_STYLE = Automatic;
				CURRENT_PROJECT_VERSION = 1;
				DEVELOPMENT_TEAM = N7ECN3JBCB;
				GENERATE_INFOPLIST_FILE = YES;
				INFOPLIST_FILE = rockPaperScissors/Info.plist;
				INFOPLIST_KEY_CFBundleDisplayName = RPS;
				INFOPLIST_KEY_LSApplicationCategoryType = "public.app-category.arcade-games";
				INFOPLIST_KEY_UIApplicationSupportsIndirectInputEvents = YES;
				INFOPLIST_KEY_UILaunchStoryboardName = LaunchScreen.storyboard;
				INFOPLIST_KEY_UIMainStoryboardFile = Main;
				INFOPLIST_KEY_UISupportedInterfaceOrientations_iPad = "UIInterfaceOrientationPortrait UIInterfaceOrientationPortraitUpsideDown UIInterfaceOrientationLandscapeLeft UIInterfaceOrientationLandscapeRight";
				INFOPLIST_KEY_UISupportedInterfaceOrientations_iPhone = "UIInterfaceOrientationPortrait UIInterfaceOrientationLandscapeLeft UIInterfaceOrientationLandscapeRight";
				LD_RUNPATH_SEARCH_PATHS = (
					"$(inherited)",
					"@executable_path/Frameworks",
				);
				MARKETING_VERSION = 1.0;
				PRODUCT_BUNDLE_IDENTIFIER = lolfuckyou.rockPaperScissors;
				PRODUCT_NAME = "$(TARGET_NAME)";
				SWIFT_EMIT_LOC_STRINGS = YES;
				SWIFT_VERSION = 5.0;
				TARGETED_DEVICE_FAMILY = "1,2";
			};
			name = Debug;
		};
		34040D7A2925C067008DDCBB /* Release */ = {
			isa = XCBuildConfiguration;
			buildSettings = {
				ASSETCATALOG_COMPILER_APPICON_NAME = AppIcon;
				ASSETCATALOG_COMPILER_GLOBAL_ACCENT_COLOR_NAME = AccentColor;
				CODE_SIGN_STYLE = Automatic;
				CURRENT_PROJECT_VERSION = 1;
				DEVELOPMENT_TEAM = N7ECN3JBCB;
				GENERATE_INFOPLIST_FILE = YES;
				INFOPLIST_FILE = rockPaperScissors/Info.plist;
				INFOPLIST_KEY_CFBundleDisplayName = RPS;
				INFOPLIST_KEY_LSApplicationCategoryType = "public.app-category.arcade-games";
				INFOPLIST_KEY_UIApplicationSupportsIndirectInputEvents = YES;
				INFOPLIST_KEY_UILaunchStoryboardName = LaunchScreen.storyboard;
				INFOPLIST_KEY_UIMainStoryboardFile = Main;
				INFOPLIST_KEY_UISupportedInterfaceOrientations_iPad = "UIInterfaceOrientationPortrait UIInterfaceOrientationPortraitUpsideDown UIInterfaceOrientationLandscapeLeft UIInterfaceOrientationLandscapeRight";
				INFOPLIST_KEY_UISupportedInterfaceOrientations_iPhone = "UIInterfaceOrientationPortrait UIInterfaceOrientationLandscapeLeft UIInterfaceOrientationLandscapeRight";
				LD_RUNPATH_SEARCH_PATHS = (
					"$(inherited)",
					"@executable_path/Frameworks",
				);
				MARKETING_VERSION = 1.0;
				PRODUCT_BUNDLE_IDENTIFIER = lolfuckyou.rockPaperScissors;
				PRODUCT_NAME = "$(TARGET_NAME)";
				SWIFT_EMIT_LOC_STRINGS = YES;
				SWIFT_VERSION = 5.0;
				TARGETED_DEVICE_FAMILY = "1,2";
			};
			name = Release;
		};
/* End XCBuildConfiguration section */

/* Begin XCConfigurationList section */
		34040D5F2925C065008DDCBB /* Build configuration list for PBXProject "rockPaperScissors" */ = {
			isa = XCConfigurationList;
			buildConfigurations = (
				34040D762925C067008DDCBB /* Debug */,
				34040D772925C067008DDCBB /* Release */,
			);
			defaultConfigurationIsVisible = 0;
			defaultConfigurationName = Release;
		};
		34040D782925C067008DDCBB /* Build configuration list for PBXNativeTarget "rockPaperScissors" */ = {
			isa = XCConfigurationList;
			buildConfigurations = (
				34040D792925C067008DDCBB /* Debug */,
				34040D7A2925C067008DDCBB /* Release */,
			);
			defaultConfigurationIsVisible = 0;
			defaultConfigurationName = Release;
		};
/* End XCConfigurationList section */
	};
	rootObject = 34040D5C2925C065008DDCBB /* Project object */;
}
